// !$*UTF8*$!
{
	archiveVersion = 1;
	classes = {
	};
	objectVersion = 50;
	objects = {

/* Begin PBXBuildFile section */
		A88CD3FA25B1EEE000AF9613 /* AppDelegate.swift in Sources */ = {isa = PBXBuildFile; fileRef = A88CD3F925B1EEE000AF9613 /* AppDelegate.swift */; };
		A88CD3FC25B1EEE000AF9613 /* SceneDelegate.swift in Sources */ = {isa = PBXBuildFile; fileRef = A88CD3FB25B1EEE000AF9613 /* SceneDelegate.swift */; };
		A88CD3FE25B1EEE000AF9613 /* ViewController.swift in Sources */ = {isa = PBXBuildFile; fileRef = A88CD3FD25B1EEE000AF9613 /* ViewController.swift */; };
		A88CD40125B1EEE000AF9613 /* Main.storyboard in Resources */ = {isa = PBXBuildFile; fileRef = A88CD3FF25B1EEE000AF9613 /* Main.storyboard */; };
		A88CD40325B1EEE500AF9613 /* Assets.xcassets in Resources */ = {isa = PBXBuildFile; fileRef = A88CD40225B1EEE500AF9613 /* Assets.xcassets */; };
		A88CD40625B1EEE500AF9613 /* LaunchScreen.storyboard in Resources */ = {isa = PBXBuildFile; fileRef = A88CD40425B1EEE500AF9613 /* LaunchScreen.storyboard */; };
		A88CD41125B1EEE500AF9613 /* PreWorkTests.swift in Sources */ = {isa = PBXBuildFile; fileRef = A88CD41025B1EEE500AF9613 /* PreWorkTests.swift */; };
		A88CD41C25B1EEE500AF9613 /* PreWorkUITests.swift in Sources */ = {isa = PBXBuildFile; fileRef = A88CD41B25B1EEE500AF9613 /* PreWorkUITests.swift */; };
/* End PBXBuildFile section */

/* Begin PBXContainerItemProxy section */
		A88CD40D25B1EEE500AF9613 /* PBXContainerItemProxy */ = {
			isa = PBXContainerItemProxy;
			containerPortal = A88CD3EE25B1EEE000AF9613 /* Project object */;
			proxyType = 1;
			remoteGlobalIDString = A88CD3F525B1EEE000AF9613;
			remoteInfo = PreWork;
		};
		A88CD41825B1EEE500AF9613 /* PBXContainerItemProxy */ = {
			isa = PBXContainerItemProxy;
			containerPortal = A88CD3EE25B1EEE000AF9613 /* Project object */;
			proxyType = 1;
			remoteGlobalIDString = A88CD3F525B1EEE000AF9613;
			remoteInfo = PreWork;
		};
/* End PBXContainerItemProxy section */

/* Begin PBXFileReference section */
		A88CD3F625B1EEE000AF9613 /* PreWork.app */ = {isa = PBXFileReference; explicitFileType = wrapper.application; includeInIndex = 0; path = PreWork.app; sourceTree = BUILT_PRODUCTS_DIR; };
		A88CD3F925B1EEE000AF9613 /* AppDelegate.swift */ = {isa = PBXFileReference; lastKnownFileType = sourcecode.swift; path = AppDelegate.swift; sourceTree = "<group>"; };
		A88CD3FB25B1EEE000AF9613 /* SceneDelegate.swift */ = {isa = PBXFileReference; lastKnownFileType = sourcecode.swift; path = SceneDelegate.swift; sourceTree = "<group>"; };
		A88CD3FD25B1EEE000AF9613 /* ViewController.swift */ = {isa = PBXFileReference; lastKnownFileType = sourcecode.swift; path = ViewController.swift; sourceTree = "<group>"; };
		A88CD40025B1EEE000AF9613 /* Base */ = {isa = PBXFileReference; lastKnownFileType = file.storyboard; name = Base; path = Base.lproj/Main.storyboard; sourceTree = "<group>"; };
		A88CD40225B1EEE500AF9613 /* Assets.xcassets */ = {isa = PBXFileReference; lastKnownFileType = folder.assetcatalog; path = Assets.xcassets; sourceTree = "<group>"; };
		A88CD40525B1EEE500AF9613 /* Base */ = {isa = PBXFileReference; lastKnownFileType = file.storyboard; name = Base; path = Base.lproj/LaunchScreen.storyboard; sourceTree = "<group>"; };
		A88CD40725B1EEE500AF9613 /* Info.plist */ = {isa = PBXFileReference; lastKnownFileType = text.plist.xml; path = Info.plist; sourceTree = "<group>"; };
		A88CD40C25B1EEE500AF9613 /* PreWorkTests.xctest */ = {isa = PBXFileReference; explicitFileType = wrapper.cfbundle; includeInIndex = 0; path = PreWorkTests.xctest; sourceTree = BUILT_PRODUCTS_DIR; };
		A88CD41025B1EEE500AF9613 /* PreWorkTests.swift */ = {isa = PBXFileReference; lastKnownFileType = sourcecode.swift; path = PreWorkTests.swift; sourceTree = "<group>"; };
		A88CD41225B1EEE500AF9613 /* Info.plist */ = {isa = PBXFileReference; lastKnownFileType = text.plist.xml; path = Info.plist; sourceTree = "<group>"; };
		A88CD41725B1EEE500AF9613 /* PreWorkUITests.xctest */ = {isa = PBXFileReference; explicitFileType = wrapper.cfbundle; includeInIndex = 0; path = PreWorkUITests.xctest; sourceTree = BUILT_PRODUCTS_DIR; };
		A88CD41B25B1EEE500AF9613 /* PreWorkUITests.swift */ = {isa = PBXFileReference; lastKnownFileType = sourcecode.swift; path = PreWorkUITests.swift; sourceTree = "<group>"; };
		A88CD41D25B1EEE500AF9613 /* Info.plist */ = {isa = PBXFileReference; lastKnownFileType = text.plist.xml; path = Info.plist; sourceTree = "<group>"; };
/* End PBXFileReference section */

/* Begin PBXFrameworksBuildPhase section */
		A88CD3F325B1EEE000AF9613 /* Frameworks */ = {
			isa = PBXFrameworksBuildPhase;
			buildActionMask = 2147483647;
			files = (
			);
			runOnlyForDeploymentPostprocessing = 0;
		};
		A88CD40925B1EEE500AF9613 /* Frameworks */ = {
			isa = PBXFrameworksBuildPhase;
			buildActionMask = 2147483647;
			files = (
			);
			runOnlyForDeploymentPostprocessing = 0;
		};
		A88CD41425B1EEE500AF9613 /* Frameworks */ = {
			isa = PBXFrameworksBuildPhase;
			buildActionMask = 2147483647;
			files = (
			);
			runOnlyForDeploymentPostprocessing = 0;
		};
/* End PBXFrameworksBuildPhase section */

/* Begin PBXGroup section */
		A88CD3ED25B1EEE000AF9613 = {
			isa = PBXGroup;
			children = (
				A88CD3F825B1EEE000AF9613 /* PreWork */,
				A88CD40F25B1EEE500AF9613 /* PreWorkTests */,
				A88CD41A25B1EEE500AF9613 /* PreWorkUITests */,
				A88CD3F725B1EEE000AF9613 /* Products */,
			);
			sourceTree = "<group>";
		};
		A88CD3F725B1EEE000AF9613 /* Products */ = {
			isa = PBXGroup;
			children = (
				A88CD3F625B1EEE000AF9613 /* PreWork.app */,
				A88CD40C25B1EEE500AF9613 /* PreWorkTests.xctest */,
				A88CD41725B1EEE500AF9613 /* PreWorkUITests.xctest */,
			);
			name = Products;
			sourceTree = "<group>";
		};
		A88CD3F825B1EEE000AF9613 /* PreWork */ = {
			isa = PBXGroup;
			children = (
				A88CD3F925B1EEE000AF9613 /* AppDelegate.swift */,
				A88CD3FB25B1EEE000AF9613 /* SceneDelegate.swift */,
				A88CD3FD25B1EEE000AF9613 /* ViewController.swift */,
				A88CD3FF25B1EEE000AF9613 /* Main.storyboard */,
				A88CD40225B1EEE500AF9613 /* Assets.xcassets */,
				A88CD40425B1EEE500AF9613 /* LaunchScreen.storyboard */,
				A88CD40725B1EEE500AF9613 /* Info.plist */,
			);
			path = PreWork;
			sourceTree = "<group>";
		};
		A88CD40F25B1EEE500AF9613 /* PreWorkTests */ = {
			isa = PBXGroup;
			children = (
				A88CD41025B1EEE500AF9613 /* PreWorkTests.swift */,
				A88CD41225B1EEE500AF9613 /* Info.plist */,
			);
			path = PreWorkTests;
			sourceTree = "<group>";
		};
		A88CD41A25B1EEE500AF9613 /* PreWorkUITests */ = {
			isa = PBXGroup;
			children = (
				A88CD41B25B1EEE500AF9613 /* PreWorkUITests.swift */,
				A88CD41D25B1EEE500AF9613 /* Info.plist */,
			);
			path = PreWorkUITests;
			sourceTree = "<group>";
		};
/* End PBXGroup section */

/* Begin PBXNativeTarget section */
		A88CD3F525B1EEE000AF9613 /* PreWork */ = {
			isa = PBXNativeTarget;
			buildConfigurationList = A88CD42025B1EEE500AF9613 /* Build configuration list for PBXNativeTarget "PreWork" */;
			buildPhases = (
				A88CD3F225B1EEE000AF9613 /* Sources */,
				A88CD3F325B1EEE000AF9613 /* Frameworks */,
				A88CD3F425B1EEE000AF9613 /* Resources */,
			);
			buildRules = (
			);
			dependencies = (
			);
			name = PreWork;
			productName = PreWork;
			productReference = A88CD3F625B1EEE000AF9613 /* PreWork.app */;
			productType = "com.apple.product-type.application";
		};
		A88CD40B25B1EEE500AF9613 /* PreWorkTests */ = {
			isa = PBXNativeTarget;
			buildConfigurationList = A88CD42325B1EEE500AF9613 /* Build configuration list for PBXNativeTarget "PreWorkTests" */;
			buildPhases = (
				A88CD40825B1EEE500AF9613 /* Sources */,
				A88CD40925B1EEE500AF9613 /* Frameworks */,
				A88CD40A25B1EEE500AF9613 /* Resources */,
			);
			buildRules = (
			);
			dependencies = (
				A88CD40E25B1EEE500AF9613 /* PBXTargetDependency */,
			);
			name = PreWorkTests;
			productName = PreWorkTests;
			productReference = A88CD40C25B1EEE500AF9613 /* PreWorkTests.xctest */;
			productType = "com.apple.product-type.bundle.unit-test";
		};
		A88CD41625B1EEE500AF9613 /* PreWorkUITests */ = {
			isa = PBXNativeTarget;
			buildConfigurationList = A88CD42625B1EEE500AF9613 /* Build configuration list for PBXNativeTarget "PreWorkUITests" */;
			buildPhases = (
				A88CD41325B1EEE500AF9613 /* Sources */,
				A88CD41425B1EEE500AF9613 /* Frameworks */,
				A88CD41525B1EEE500AF9613 /* Resources */,
			);
			buildRules = (
			);
			dependencies = (
				A88CD41925B1EEE500AF9613 /* PBXTargetDependency */,
			);
			name = PreWorkUITests;
			productName = PreWorkUITests;
			productReference = A88CD41725B1EEE500AF9613 /* PreWorkUITests.xctest */;
			productType = "com.apple.product-type.bundle.ui-testing";
		};
/* End PBXNativeTarget section */

/* Begin PBXProject section */
		A88CD3EE25B1EEE000AF9613 /* Project object */ = {
			isa = PBXProject;
			attributes = {
				LastSwiftUpdateCheck = 1220;
				LastUpgradeCheck = 1220;
				TargetAttributes = {
					A88CD3F525B1EEE000AF9613 = {
						CreatedOnToolsVersion = 12.2;
					};
					A88CD40B25B1EEE500AF9613 = {
						CreatedOnToolsVersion = 12.2;
						TestTargetID = A88CD3F525B1EEE000AF9613;
					};
					A88CD41625B1EEE500AF9613 = {
						CreatedOnToolsVersion = 12.2;
						TestTargetID = A88CD3F525B1EEE000AF9613;
					};
				};
			};
			buildConfigurationList = A88CD3F125B1EEE000AF9613 /* Build configuration list for PBXProject "PreWork" */;
			compatibilityVersion = "Xcode 9.3";
			developmentRegion = en;
			hasScannedForEncodings = 0;
			knownRegions = (
				en,
				Base,
			);
			mainGroup = A88CD3ED25B1EEE000AF9613;
			productRefGroup = A88CD3F725B1EEE000AF9613 /* Products */;
			projectDirPath = "";
			projectRoot = "";
			targets = (
				A88CD3F525B1EEE000AF9613 /* PreWork */,
				A88CD40B25B1EEE500AF9613 /* PreWorkTests */,
				A88CD41625B1EEE500AF9613 /* PreWorkUITests */,
			);
		};
/* End PBXProject section */

/* Begin PBXResourcesBuildPhase section */
		A88CD3F425B1EEE000AF9613 /* Resources */ = {
			isa = PBXResourcesBuildPhase;
			buildActionMask = 2147483647;
			files = (
				A88CD40625B1EEE500AF9613 /* LaunchScreen.storyboard in Resources */,
				A88CD40325B1EEE500AF9613 /* Assets.xcassets in Resources */,
				A88CD40125B1EEE000AF9613 /* Main.storyboard in Resources */,
			);
			runOnlyForDeploymentPostprocessing = 0;
		};
		A88CD40A25B1EEE500AF9613 /* Resources */ = {
			isa = PBXResourcesBuildPhase;
			buildActionMask = 2147483647;
			files = (
			);
			runOnlyForDeploymentPostprocessing = 0;
		};
		A88CD41525B1EEE500AF9613 /* Resources */ = {
			isa = PBXResourcesBuildPhase;
			buildActionMask = 2147483647;
			files = (
			);
			runOnlyForDeploymentPostprocessing = 0;
		};
/* End PBXResourcesBuildPhase section */

/* Begin PBXSourcesBuildPhase section */
		A88CD3F225B1EEE000AF9613 /* Sources */ = {
			isa = PBXSourcesBuildPhase;
			buildActionMask = 2147483647;
			files = (
				A88CD3FE25B1EEE000AF9613 /* ViewController.swift in Sources */,
				A88CD3FA25B1EEE000AF9613 /* AppDelegate.swift in Sources */,
				A88CD3FC25B1EEE000AF9613 /* SceneDelegate.swift in Sources */,
			);
			runOnlyForDeploymentPostprocessing = 0;
		};
		A88CD40825B1EEE500AF9613 /* Sources */ = {
			isa = PBXSourcesBuildPhase;
			buildActionMask = 2147483647;
			files = (
				A88CD41125B1EEE500AF9613 /* PreWorkTests.swift in Sources */,
			);
			runOnlyForDeploymentPostprocessing = 0;
		};
		A88CD41325B1EEE500AF9613 /* Sources */ = {
			isa = PBXSourcesBuildPhase;
			buildActionMask = 2147483647;
			files = (
				A88CD41C25B1EEE500AF9613 /* PreWorkUITests.swift in Sources */,
			);
			runOnlyForDeploymentPostprocessing = 0;
		};
/* End PBXSourcesBuildPhase section */

/* Begin PBXTargetDependency section */
		A88CD40E25B1EEE500AF9613 /* PBXTargetDependency */ = {
			isa = PBXTargetDependency;
			target = A88CD3F525B1EEE000AF9613 /* PreWork */;
			targetProxy = A88CD40D25B1EEE500AF9613 /* PBXContainerItemProxy */;
		};
		A88CD41925B1EEE500AF9613 /* PBXTargetDependency */ = {
			isa = PBXTargetDependency;
			target = A88CD3F525B1EEE000AF9613 /* PreWork */;
			targetProxy = A88CD41825B1EEE500AF9613 /* PBXContainerItemProxy */;
		};
/* End PBXTargetDependency section */

/* Begin PBXVariantGroup section */
		A88CD3FF25B1EEE000AF9613 /* Main.storyboard */ = {
			isa = PBXVariantGroup;
			children = (
				A88CD40025B1EEE000AF9613 /* Base */,
			);
			name = Main.storyboard;
			sourceTree = "<group>";
		};
		A88CD40425B1EEE500AF9613 /* LaunchScreen.storyboard */ = {
			isa = PBXVariantGroup;
			children = (
				A88CD40525B1EEE500AF9613 /* Base */,
			);
			name = LaunchScreen.storyboard;
			sourceTree = "<group>";
		};
/* End PBXVariantGroup section */

/* Begin XCBuildConfiguration section */
		A88CD41E25B1EEE500AF9613 /* Debug */ = {
			isa = XCBuildConfiguration;
			buildSettings = {
				ALWAYS_SEARCH_USER_PATHS = NO;
				CLANG_ANALYZER_NONNULL = YES;
				CLANG_ANALYZER_NUMBER_OBJECT_CONVERSION = YES_AGGRESSIVE;
				CLANG_CXX_LANGUAGE_STANDARD = "gnu++14";
				CLANG_CXX_LIBRARY = "libc++";
				CLANG_ENABLE_MODULES = YES;
				CLANG_ENABLE_OBJC_ARC = YES;
				CLANG_ENABLE_OBJC_WEAK = YES;
				CLANG_WARN_BLOCK_CAPTURE_AUTORELEASING = YES;
				CLANG_WARN_BOOL_CONVERSION = YES;
				CLANG_WARN_COMMA = YES;
				CLANG_WARN_CONSTANT_CONVERSION = YES;
				CLANG_WARN_DEPRECATED_OBJC_IMPLEMENTATIONS = YES;
				CLANG_WARN_DIRECT_OBJC_ISA_USAGE = YES_ERROR;
				CLANG_WARN_DOCUMENTATION_COMMENTS = YES;
				CLANG_WARN_EMPTY_BODY = YES;
				CLANG_WARN_ENUM_CONVERSION = YES;
				CLANG_WARN_INFINITE_RECURSION = YES;
				CLANG_WARN_INT_CONVERSION = YES;
				CLANG_WARN_NON_LITERAL_NULL_CONVERSION = YES;
				CLANG_WARN_OBJC_IMPLICIT_RETAIN_SELF = YES;
				CLANG_WARN_OBJC_LITERAL_CONVERSION = YES;
				CLANG_WARN_OBJC_ROOT_CLASS = YES_ERROR;
				CLANG_WARN_QUOTED_INCLUDE_IN_FRAMEWORK_HEADER = YES;
				CLANG_WARN_RANGE_LOOP_ANALYSIS = YES;
				CLANG_WARN_STRICT_PROTOTYPES = YES;
				CLANG_WARN_SUSPICIOUS_MOVE = YES;
				CLANG_WARN_UNGUARDED_AVAILABILITY = YES_AGGRESSIVE;
				CLANG_WARN_UNREACHABLE_CODE = YES;
				CLANG_WARN__DUPLICATE_METHOD_MATCH = YES;
				COPY_PHASE_STRIP = NO;
				DEBUG_INFORMATION_FORMAT = dwarf;
				ENABLE_STRICT_OBJC_MSGSEND = YES;
				ENABLE_TESTABILITY = YES;
				GCC_C_LANGUAGE_STANDARD = gnu11;
				GCC_DYNAMIC_NO_PIC = NO;
				GCC_NO_COMMON_BLOCKS = YES;
				GCC_OPTIMIZATION_LEVEL = 0;
				GCC_PREPROCESSOR_DEFINITIONS = (
					"DEBUG=1",
					"$(inherited)",
				);
				GCC_WARN_64_TO_32_BIT_CONVERSION = YES;
				GCC_WARN_ABOUT_RETURN_TYPE = YES_ERROR;
				GCC_WARN_UNDECLARED_SELECTOR = YES;
				GCC_WARN_UNINITIALIZED_AUTOS = YES_AGGRESSIVE;
				GCC_WARN_UNUSED_FUNCTION = YES;
				GCC_WARN_UNUSED_VARIABLE = YES;
				IPHONEOS_DEPLOYMENT_TARGET = 14.2;
				MTL_ENABLE_DEBUG_INFO = INCLUDE_SOURCE;
				MTL_FAST_MATH = YES;
				ONLY_ACTIVE_ARCH = YES;
				SDKROOT = iphoneos;
				SWIFT_ACTIVE_COMPILATION_CONDITIONS = DEBUG;
				SWIFT_OPTIMIZATION_LEVEL = "-Onone";
			};
			name = Debug;
		};
		A88CD41F25B1EEE500AF9613 /* Release */ = {
			isa = XCBuildConfiguration;
			buildSettings = {
				ALWAYS_SEARCH_USER_PATHS = NO;
				CLANG_ANALYZER_NONNULL = YES;
				CLANG_ANALYZER_NUMBER_OBJECT_CONVERSION = YES_AGGRESSIVE;
				CLANG_CXX_LANGUAGE_STANDARD = "gnu++14";
				CLANG_CXX_LIBRARY = "libc++";
				CLANG_ENABLE_MODULES = YES;
				CLANG_ENABLE_OBJC_ARC = YES;
				CLANG_ENABLE_OBJC_WEAK = YES;
				CLANG_WARN_BLOCK_CAPTURE_AUTORELEASING = YES;
				CLANG_WARN_BOOL_CONVERSION = YES;
				CLANG_WARN_COMMA = YES;
				CLANG_WARN_CONSTANT_CONVERSION = YES;
				CLANG_WARN_DEPRECATED_OBJC_IMPLEMENTATIONS = YES;
				CLANG_WARN_DIRECT_OBJC_ISA_USAGE = YES_ERROR;
				CLANG_WARN_DOCUMENTATION_COMMENTS = YES;
				CLANG_WARN_EMPTY_BODY = YES;
				CLANG_WARN_ENUM_CONVERSION = YES;
				CLANG_WARN_INFINITE_RECURSION = YES;
				CLANG_WARN_INT_CONVERSION = YES;
				CLANG_WARN_NON_LITERAL_NULL_CONVERSION = YES;
				CLANG_WARN_OBJC_IMPLICIT_RETAIN_SELF = YES;
				CLANG_WARN_OBJC_LITERAL_CONVERSION = YES;
				CLANG_WARN_OBJC_ROOT_CLASS = YES_ERROR;
				CLANG_WARN_QUOTED_INCLUDE_IN_FRAMEWORK_HEADER = YES;
				CLANG_WARN_RANGE_LOOP_ANALYSIS = YES;
				CLANG_WARN_STRICT_PROTOTYPES = YES;
				CLANG_WARN_SUSPICIOUS_MOVE = YES;
				CLANG_WARN_UNGUARDED_AVAILABILITY = YES_AGGRESSIVE;
				CLANG_WARN_UNREACHABLE_CODE = YES;
				CLANG_WARN__DUPLICATE_METHOD_MATCH = YES;
				COPY_PHASE_STRIP = NO;
				DEBUG_INFORMATION_FORMAT = "dwarf-with-dsym";
				ENABLE_NS_ASSERTIONS = NO;
				ENABLE_STRICT_OBJC_MSGSEND = YES;
				GCC_C_LANGUAGE_STANDARD = gnu11;
				GCC_NO_COMMON_BLOCKS = YES;
				GCC_WARN_64_TO_32_BIT_CONVERSION = YES;
				GCC_WARN_ABOUT_RETURN_TYPE = YES_ERROR;
				GCC_WARN_UNDECLARED_SELECTOR = YES;
				GCC_WARN_UNINITIALIZED_AUTOS = YES_AGGRESSIVE;
				GCC_WARN_UNUSED_FUNCTION = YES;
				GCC_WARN_UNUSED_VARIABLE = YES;
				IPHONEOS_DEPLOYMENT_TARGET = 14.2;
				MTL_ENABLE_DEBUG_INFO = NO;
				MTL_FAST_MATH = YES;
				SDKROOT = iphoneos;
				SWIFT_COMPILATION_MODE = wholemodule;
				SWIFT_OPTIMIZATION_LEVEL = "-O";
				VALIDATE_PRODUCT = YES;
			};
			name = Release;
		};
		A88CD42125B1EEE500AF9613 /* Debug */ = {
			isa = XCBuildConfiguration;
			buildSettings = {
				ASSETCATALOG_COMPILER_APPICON_NAME = AppIcon;
				ASSETCATALOG_COMPILER_GLOBAL_ACCENT_COLOR_NAME = AccentColor;
				CODE_SIGN_STYLE = Automatic;
				INFOPLIST_FILE = PreWork/Info.plist;
				LD_RUNPATH_SEARCH_PATHS = (
					"$(inherited)",
					"@executable_path/Frameworks",
				);
				PRODUCT_BUNDLE_IDENTIFIER = rolf.PreWork;
				PRODUCT_NAME = "$(TARGET_NAME)";
				SWIFT_VERSION = 5.0;
				TARGETED_DEVICE_FAMILY = "1,2";
			};
			name = Debug;
		};
		A88CD42225B1EEE500AF9613 /* Release */ = {
			isa = XCBuildConfiguration;
			buildSettings = {
				ASSETCATALOG_COMPILER_APPICON_NAME = AppIcon;
				ASSETCATALOG_COMPILER_GLOBAL_ACCENT_COLOR_NAME = AccentColor;
				CODE_SIGN_STYLE = Automatic;
				INFOPLIST_FILE = PreWork/Info.plist;
				LD_RUNPATH_SEARCH_PATHS = (
					"$(inherited)",
					"@executable_path/Frameworks",
				);
				PRODUCT_BUNDLE_IDENTIFIER = rolf.PreWork;
				PRODUCT_NAME = "$(TARGET_NAME)";
				SWIFT_VERSION = 5.0;
				TARGETED_DEVICE_FAMILY = "1,2";
			};
			name = Release;
		};
		A88CD42425B1EEE500AF9613 /* Debug */ = {
			isa = XCBuildConfiguration;
			buildSettings = {
				ALWAYS_EMBED_SWIFT_STANDARD_LIBRARIES = YES;
				BUNDLE_LOADER = "$(TEST_HOST)";
				CODE_SIGN_STYLE = Automatic;
				INFOPLIST_FILE = PreWorkTests/Info.plist;
				IPHONEOS_DEPLOYMENT_TARGET = 14.2;
				LD_RUNPATH_SEARCH_PATHS = (
					"$(inherited)",
					"@executable_path/Frameworks",
					"@loader_path/Frameworks",
				);
				PRODUCT_BUNDLE_IDENTIFIER = rolf.PreWorkTests;
				PRODUCT_NAME = "$(TARGET_NAME)";
				SWIFT_VERSION = 5.0;
				TARGETED_DEVICE_FAMILY = "1,2";
				TEST_HOST = "$(BUILT_PRODUCTS_DIR)/PreWork.app/PreWork";
			};
			name = Debug;
		};
		A88CD42525B1EEE500AF9613 /* Release */ = {
			isa = XCBuildConfiguration;
			buildSettings = {
				ALWAYS_EMBED_SWIFT_STANDARD_LIBRARIES = YES;
				BUNDLE_LOADER = "$(TEST_HOST)";
				CODE_SIGN_STYLE = Automatic;
				INFOPLIST_FILE = PreWorkTests/Info.plist;
				IPHONEOS_DEPLOYMENT_TARGET = 14.2;
				LD_RUNPATH_SEARCH_PATHS = (
					"$(inherited)",
					"@executable_path/Frameworks",
					"@loader_path/Frameworks",
				);
				PRODUCT_BUNDLE_IDENTIFIER = rolf.PreWorkTests;
				PRODUCT_NAME = "$(TARGET_NAME)";
				SWIFT_VERSION = 5.0;
				TARGETED_DEVICE_FAMILY = "1,2";
				TEST_HOST = "$(BUILT_PRODUCTS_DIR)/PreWork.app/PreWork";
			};
			name = Release;
		};
		A88CD42725B1EEE500AF9613 /* Debug */ = {
			isa = XCBuildConfiguration;
			buildSettings = {
				ALWAYS_EMBED_SWIFT_STANDARD_LIBRARIES = YES;
				CODE_SIGN_STYLE = Automatic;
				INFOPLIST_FILE = PreWorkUITests/Info.plist;
				LD_RUNPATH_SEARCH_PATHS = (
					"$(inherited)",
					"@executable_path/Frameworks",
					"@loader_path/Frameworks",
				);
				PRODUCT_BUNDLE_IDENTIFIER = rolf.PreWorkUITests;
				PRODUCT_NAME = "$(TARGET_NAME)";
				SWIFT_VERSION = 5.0;
				TARGETED_DEVICE_FAMILY = "1,2";
				TEST_TARGET_NAME = PreWork;
			};
			name = Debug;
		};
		A88CD42825B1EEE500AF9613 /* Release */ = {
			isa = XCBuildConfiguration;
			buildSettings = {
				ALWAYS_EMBED_SWIFT_STANDARD_LIBRARIES = YES;
				CODE_SIGN_STYLE = Automatic;
				INFOPLIST_FILE = PreWorkUITests/Info.plist;
				LD_RUNPATH_SEARCH_PATHS = (
					"$(inherited)",
					"@executable_path/Frameworks",
					"@loader_path/Frameworks",
				);
				PRODUCT_BUNDLE_IDENTIFIER = rolf.PreWorkUITests;
				PRODUCT_NAME = "$(TARGET_NAME)";
				SWIFT_VERSION = 5.0;
				TARGETED_DEVICE_FAMILY = "1,2";
				TEST_TARGET_NAME = PreWork;
			};
			name = Release;
		};
/* End XCBuildConfiguration section */

/* Begin XCConfigurationList section */
		A88CD3F125B1EEE000AF9613 /* Build configuration list for PBXProject "PreWork" */ = {
			isa = XCConfigurationList;
			buildConfigurations = (
				A88CD41E25B1EEE500AF9613 /* Debug */,
				A88CD41F25B1EEE500AF9613 /* Release */,
			);
			defaultConfigurationIsVisible = 0;
			defaultConfigurationName = Release;
		};
		A88CD42025B1EEE500AF9613 /* Build configuration list for PBXNativeTarget "PreWork" */ = {
			isa = XCConfigurationList;
			buildConfigurations = (
				A88CD42125B1EEE500AF9613 /* Debug */,
				A88CD42225B1EEE500AF9613 /* Release */,
			);
			defaultConfigurationIsVisible = 0;
			defaultConfigurationName = Release;
		};
		A88CD42325B1EEE500AF9613 /* Build configuration list for PBXNativeTarget "PreWorkTests" */ = {
			isa = XCConfigurationList;
			buildConfigurations = (
				A88CD42425B1EEE500AF9613 /* Debug */,
				A88CD42525B1EEE500AF9613 /* Release */,
			);
			defaultConfigurationIsVisible = 0;
			defaultConfigurationName = Release;
		};
		A88CD42625B1EEE500AF9613 /* Build configuration list for PBXNativeTarget "PreWorkUITests" */ = {
			isa = XCConfigurationList;
			buildConfigurations = (
				A88CD42725B1EEE500AF9613 /* Debug */,
				A88CD42825B1EEE500AF9613 /* Release */,
			);
			defaultConfigurationIsVisible = 0;
			defaultConfigurationName = Release;
		};
/* End XCConfigurationList section */
	};
	rootObject = A88CD3EE25B1EEE000AF9613 /* Project object */;
}
